
Microsoft Visual Studio Solution File, Format Version 12.00
# Visual Studio Version 17
VisualStudioVersion = 17.9.34902.65
MinimumVisualStudioVersion = 10.0.40219.1
Project("{FAE04EC0-301F-11D3-BF4B-00C04F79EFBC}") = "Personal_Kayit", "Personal_Kayit\Personal_Kayit.csproj", "{6529E2CA-0B64-4D6D-A89B-C34E8DC35D52}"
EndProject
Global
	GlobalSection(SolutionConfigurationPlatforms) = preSolution
		Debug|Any CPU = Debug|Any CPU
		Release|Any CPU = Release|Any CPU
	EndGlobalSection
	GlobalSection(ProjectConfigurationPlatforms) = postSolution
		{6529E2CA-0B64-4D6D-A89B-C34E8DC35D52}.Debug|Any CPU.ActiveCfg = Debug|Any CPU
		{6529E2CA-0B64-4D6D-A89B-C34E8DC35D52}.Debug|Any CPU.Build.0 = Debug|Any CPU
		{6529E2CA-0B64-4D6D-A89B-C34E8DC35D52}.Release|Any CPU.ActiveCfg = Release|Any CPU
		{6529E2CA-0B64-4D6D-A89B-C34E8DC35D52}.Release|Any CPU.Build.0 = Release|Any CPU
	EndGlobalSection
	GlobalSection(SolutionProperties) = preSolution
		HideSolutionNode = FALSE
	EndGlobalSection
	GlobalSection(ExtensibilityGlobals) = postSolution
		SolutionGuid = {52CB54DE-A8DB-4A78-8F7D-CDC1235A2B19}
	EndGlobalSection
EndGlobal
